
Microsoft Visual Studio Solution File, Format Version 12.00
# Visual Studio Version 17
VisualStudioVersion = 17.3.32929.385
MinimumVisualStudioVersion = 10.0.40219.1
Project("{9A19103F-16F7-4668-BE54-9A1E7A4F7556}") = "EHandelBlazor.Server", "EHandelBlazor\Server\EHandelBlazor.Server.csproj", "{2D082FD7-1517-4FEF-99A5-CBDEAA07EAC3}"
EndProject
Project("{9A19103F-16F7-4668-BE54-9A1E7A4F7556}") = "EHandelBlazor.Client", "EHandelBlazor\Client\EHandelBlazor.Client.csproj", "{147BD3A2-3E8A-4F0F-8978-26EC12A02BE7}"
EndProject
Project("{9A19103F-16F7-4668-BE54-9A1E7A4F7556}") = "EHandelBlazor.Shared", "EHandelBlazor\Shared\EHandelBlazor.Shared.csproj", "{6457333D-F0CF-4E76-A4FA-B2F73638D4D7}"
EndProject
Global
	GlobalSection(SolutionConfigurationPlatforms) = preSolution
		Debug|Any CPU = Debug|Any CPU
		Release|Any CPU = Release|Any CPU
	EndGlobalSection
	GlobalSection(ProjectConfigurationPlatforms) = postSolution
		{2D082FD7-1517-4FEF-99A5-CBDEAA07EAC3}.Debug|Any CPU.ActiveCfg = Debug|Any CPU
		{2D082FD7-1517-4FEF-99A5-CBDEAA07EAC3}.Debug|Any CPU.Build.0 = Debug|Any CPU
		{2D082FD7-1517-4FEF-99A5-CBDEAA07EAC3}.Release|Any CPU.ActiveCfg = Release|Any CPU
		{2D082FD7-1517-4FEF-99A5-CBDEAA07EAC3}.Release|Any CPU.Build.0 = Release|Any CPU
		{147BD3A2-3E8A-4F0F-8978-26EC12A02BE7}.Debug|Any CPU.ActiveCfg = Debug|Any CPU
		{147BD3A2-3E8A-4F0F-8978-26EC12A02BE7}.Debug|Any CPU.Build.0 = Debug|Any CPU
		{147BD3A2-3E8A-4F0F-8978-26EC12A02BE7}.Release|Any CPU.ActiveCfg = Release|Any CPU
		{147BD3A2-3E8A-4F0F-8978-26EC12A02BE7}.Release|Any CPU.Build.0 = Release|Any CPU
		{6457333D-F0CF-4E76-A4FA-B2F73638D4D7}.Debug|Any CPU.ActiveCfg = Debug|Any CPU
		{6457333D-F0CF-4E76-A4FA-B2F73638D4D7}.Debug|Any CPU.Build.0 = Debug|Any CPU
		{6457333D-F0CF-4E76-A4FA-B2F73638D4D7}.Release|Any CPU.ActiveCfg = Release|Any CPU
		{6457333D-F0CF-4E76-A4FA-B2F73638D4D7}.Release|Any CPU.Build.0 = Release|Any CPU
	EndGlobalSection
	GlobalSection(SolutionProperties) = preSolution
		HideSolutionNode = FALSE
	EndGlobalSection
	GlobalSection(ExtensibilityGlobals) = postSolution
		SolutionGuid = {923642D0-FF66-4D02-91AB-C5436EC39827}
	EndGlobalSection
EndGlobal
